{
  "name": "global-install",
  "lockfileVersion": 3,
  "requires": true,
  "packages": {
    "": {
      "name": "global-install",
      "dependencies": {
        "@faltest/cli": "file:../../packages/cli",
        "@faltest/lifecycle": "file:../../packages/lifecycle"
      },
      "bin": {
        "my-cli": "bin/index.js"
      },
      "devDependencies": {
        "@faltest/browser": "file:../../packages/browser",
        "@faltest/mocha": "file:../../packages/mocha",
        "@faltest/remote": "file:../../packages/remote",
        "@faltest/utils": "file:../../packages/utils"
      },
      "engines": {
        "node": ">=18.12"
      }
    },
    "../../packages/browser": {
      "name": "@faltest/browser",
      "version": "7.0.2",
      "dev": true,
      "license": "MIT",
      "dependencies": {
        "@faltest/utils": "^8.0.0",
        "verror-extra": "^6.0.0"
      },
      "devDependencies": {
        "mocha": "^10.0.0",
        "tmp": "0.2.4"
      },
      "engines": {
        "node": ">=18.12"
      }
    },
    "../../packages/cli": {
      "name": "@faltest/cli",
      "version": "7.0.1",
      "license": "MIT",
      "dependencies": {
        "@faltest/mocha": "^9.0.0",
        "@faltest/remote": "^12.0.0",
        "@faltest/utils": "^8.0.0",
        "mocha": "^10.0.0",
        "threads": "^1.6.1",
        "yargs": "^17.0.0",
        "yn": "^5.0.0"
      },
      "bin": {
        "faltest": "bin/index.js",
        "faltest-kill-orphans": "bin/kill-orphans.js"
      },
      "devDependencies": {
        "execa": "^8.0.0"
      },
      "engines": {
        "node": ">=18.12"
      }
    },
    "../../packages/lifecycle": {
      "name": "@faltest/lifecycle",
      "version": "10.0.4",
      "license": "MIT",
      "dependencies": {
        "@faltest/remote": "^12.0.0",
        "@faltest/utils": "^8.0.0",
        "events-async": "^1.2.1",
        "mocha-helpers": "^9.0.0"
      },
      "devDependencies": {
        "mocha": "^10.0.0",
        "sinon": "^18.0.0",
        "tmp": "0.2.4"
      },
      "engines": {
        "node": ">=18.12"
      },
      "optionalDependencies": {
        "@faltest/browser": "^7.0.0"
      }
    },
    "../../packages/mocha": {
      "name": "@faltest/mocha",
      "version": "9.0.5",
      "dev": true,
      "license": "MIT",
      "dependencies": {
        "@faltest/utils": "^8.0.0",
        "choma": "^1.2.1",
        "filenamify": "^6.0.0",
        "glob": "^10.0.0",
        "mocha-helpers": "^9.0.0"
      },
      "devDependencies": {
        "mocha": "^10.0.0",
        "sinon": "^18.0.0",
        "tmp": "0.2.4"
      },
      "engines": {
        "node": ">=18.12"
      },
      "peerDependencies": {
        "mocha": ">=6"
      }
    },
    "../../packages/remote": {
      "name": "@faltest/remote",
      "version": "12.0.52",
      "dev": true,
      "license": "MIT",
      "dependencies": {
        "@faltest/utils": "^8.0.0",
        "browser-webdriver-downloader": "^3.0.4",
        "chromedriver": "128.0.1",
        "events-async": "^1.2.1",
        "execa": "^8.0.0",
        "fkill": "^9.0.0",
        "geckodriver": "4.4.4",
        "get-port": "^7.0.0",
        "ps-list": "^8.0.0",
        "webdriverio": "7.36.0",
        "yn": "^5.0.0"
      },
      "devDependencies": {
        "mocha": "^10.0.0",
        "sinon": "^18.0.0"
      },
      "engines": {
        "node": ">=18.12"
      }
    },
    "../../packages/utils": {
      "name": "@faltest/utils",
      "version": "8.0.3",
      "dev": true,
      "license": "MIT",
      "dependencies": {
        "callsites": "^4.0.0",
        "debug": "^4.1.1"
      },
      "devDependencies": {
        "mocha": "^10.0.0",
        "sinon": "^18.0.0",
        "tmp": "0.2.4"
      },
      "engines": {
        "node": ">=18.12"
      }
    },
    "node_modules/@faltest/browser": {
      "resolved": "../../packages/browser",
      "link": true
    },
    "node_modules/@faltest/cli": {
      "resolved": "../../packages/cli",
      "link": true
    },
    "node_modules/@faltest/lifecycle": {
      "resolved": "../../packages/lifecycle",
      "link": true
    },
    "node_modules/@faltest/mocha": {
      "resolved": "../../packages/mocha",
      "link": true
    },
    "node_modules/@faltest/remote": {
      "resolved": "../../packages/remote",
      "link": true
    },
    "node_modules/@faltest/utils": {
      "resolved": "../../packages/utils",
      "link": true
    }
  }
}
